// !$*UTF8*$!
{
	archiveVersion = 1;
	classes = {
	};
	objectVersion = 46;
	objects = {

/* Begin PBXBuildFile section */
		030BDCC91EF06BBA002343DC /* AppDelegate.swift in Sources */ = {isa = PBXBuildFile; fileRef = 030BDCC81EF06BBA002343DC /* AppDelegate.swift */; };
		030BDCCB1EF06BBA002343DC /* ViewController.swift in Sources */ = {isa = PBXBuildFile; fileRef = 030BDCCA1EF06BBA002343DC /* ViewController.swift */; };
		030BDCCE1EF06BBA002343DC /* Main.storyboard in Resources */ = {isa = PBXBuildFile; fileRef = 030BDCCC1EF06BBA002343DC /* Main.storyboard */; };
		030BDCD01EF06BBA002343DC /* Assets.xcassets in Resources */ = {isa = PBXBuildFile; fileRef = 030BDCCF1EF06BBA002343DC /* Assets.xcassets */; };
		030BDCD31EF06BBA002343DC /* LaunchScreen.storyboard in Resources */ = {isa = PBXBuildFile; fileRef = 030BDCD11EF06BBA002343DC /* LaunchScreen.storyboard */; };
/* End PBXBuildFile section */

/* Begin PBXFileReference section */
		030BDCC51EF06BBA002343DC /* Downloading Images from the Web.app */ = {isa = PBXFileReference; explicitFileType = wrapper.application; includeInIndex = 0; path = "Downloading Images from the Web.app"; sourceTree = BUILT_PRODUCTS_DIR; };
		030BDCC81EF06BBA002343DC /* AppDelegate.swift */ = {isa = PBXFileReference; lastKnownFileType = sourcecode.swift; path = AppDelegate.swift; sourceTree = "<group>"; };
		030BDCCA1EF06BBA002343DC /* ViewController.swift */ = {isa = PBXFileReference; lastKnownFileType = sourcecode.swift; path = ViewController.swift; sourceTree = "<group>"; };
		030BDCCD1EF06BBA002343DC /* Base */ = {isa = PBXFileReference; lastKnownFileType = file.storyboard; name = Base; path = Base.lproj/Main.storyboard; sourceTree = "<group>"; };
		030BDCCF1EF06BBA002343DC /* Assets.xcassets */ = {isa = PBXFileReference; lastKnownFileType = folder.assetcatalog; path = Assets.xcassets; sourceTree = "<group>"; };
		030BDCD21EF06BBA002343DC /* Base */ = {isa = PBXFileReference; lastKnownFileType = file.storyboard; name = Base; path = Base.lproj/LaunchScreen.storyboard; sourceTree = "<group>"; };
		030BDCD41EF06BBA002343DC /* Info.plist */ = {isa = PBXFileReference; lastKnownFileType = text.plist.xml; path = Info.plist; sourceTree = "<group>"; };
/* End PBXFileReference section */

/* Begin PBXFrameworksBuildPhase section */
		030BDCC21EF06BBA002343DC /* Frameworks */ = {
			isa = PBXFrameworksBuildPhase;
			buildActionMask = 2147483647;
			files = (
			);
			runOnlyForDeploymentPostprocessing = 0;
		};
/* End PBXFrameworksBuildPhase section */

/* Begin PBXGroup section */
		030BDCBC1EF06BBA002343DC = {
			isa = PBXGroup;
			children = (
				030BDCC71EF06BBA002343DC /* Downloading Images from the Web */,
				030BDCC61EF06BBA002343DC /* Products */,
			);
			sourceTree = "<group>";
		};
		030BDCC61EF06BBA002343DC /* Products */ = {
			isa = PBXGroup;
			children = (
				030BDCC51EF06BBA002343DC /* Downloading Images from the Web.app */,
			);
			name = Products;
			sourceTree = "<group>";
		};
		030BDCC71EF06BBA002343DC /* Downloading Images from the Web */ = {
			isa = PBXGroup;
			children = (
				030BDCC81EF06BBA002343DC /* AppDelegate.swift */,
				030BDCCA1EF06BBA002343DC /* ViewController.swift */,
				030BDCCC1EF06BBA002343DC /* Main.storyboard */,
				030BDCCF1EF06BBA002343DC /* Assets.xcassets */,
				030BDCD11EF06BBA002343DC /* LaunchScreen.storyboard */,
				030BDCD41EF06BBA002343DC /* Info.plist */,
			);
			path = "Downloading Images from the Web";
			sourceTree = "<group>";
		};
/* End PBXGroup section */

/* Begin PBXNativeTarget section */
		030BDCC41EF06BBA002343DC /* Downloading Images from the Web */ = {
			isa = PBXNativeTarget;
			buildConfigurationList = 030BDCD71EF06BBB002343DC /* Build configuration list for PBXNativeTarget "Downloading Images from the Web" */;
			buildPhases = (
				030BDCC11EF06BBA002343DC /* Sources */,
				030BDCC21EF06BBA002343DC /* Frameworks */,
				030BDCC31EF06BBA002343DC /* Resources */,
			);
			buildRules = (
			);
			dependencies = (
			);
			name = "Downloading Images from the Web";
			productName = "Downloading Images from the Web";
			productReference = 030BDCC51EF06BBA002343DC /* Downloading Images from the Web.app */;
			productType = "com.apple.product-type.application";
		};
/* End PBXNativeTarget section */

/* Begin PBXProject section */
		030BDCBD1EF06BBA002343DC /* Project object */ = {
			isa = PBXProject;
			attributes = {
				LastSwiftUpdateCheck = 0830;
				LastUpgradeCheck = 0830;
				ORGANIZATIONNAME = "Tyler McGee";
				TargetAttributes = {
					030BDCC41EF06BBA002343DC = {
						CreatedOnToolsVersion = 8.3.3;
						ProvisioningStyle = Automatic;
					};
				};
			};
			buildConfigurationList = 030BDCC01EF06BBA002343DC /* Build configuration list for PBXProject "Downloading Images from the Web" */;
			compatibilityVersion = "Xcode 3.2";
			developmentRegion = English;
			hasScannedForEncodings = 0;
			knownRegions = (
				en,
				Base,
			);
			mainGroup = 030BDCBC1EF06BBA002343DC;
			productRefGroup = 030BDCC61EF06BBA002343DC /* Products */;
			projectDirPath = "";
			projectRoot = "";
			targets = (
				030BDCC41EF06BBA002343DC /* Downloading Images from the Web */,
			);
		};
/* End PBXProject section */

/* Begin PBXResourcesBuildPhase section */
		030BDCC31EF06BBA002343DC /* Resources */ = {
			isa = PBXResourcesBuildPhase;
			buildActionMask = 2147483647;
			files = (
				030BDCD31EF06BBA002343DC /* LaunchScreen.storyboard in Resources */,
				030BDCD01EF06BBA002343DC /* Assets.xcassets in Resources */,
				030BDCCE1EF06BBA002343DC /* Main.storyboard in Resources */,
			);
			runOnlyForDeploymentPostprocessing = 0;
		};
/* End PBXResourcesBuildPhase section */

/* Begin PBXSourcesBuildPhase section */
		030BDCC11EF06BBA002343DC /* Sources */ = {
			isa = PBXSourcesBuildPhase;
			buildActionMask = 2147483647;
			files = (
				030BDCCB1EF06BBA002343DC /* ViewController.swift in Sources */,
				030BDCC91EF06BBA002343DC /* AppDelegate.swift in Sources */,
			);
			runOnlyForDeploymentPostprocessing = 0;
		};
/* End PBXSourcesBuildPhase section */

/* Begin PBXVariantGroup section */
		030BDCCC1EF06BBA002343DC /* Main.storyboard */ = {
			isa = PBXVariantGroup;
			children = (
				030BDCCD1EF06BBA002343DC /* Base */,
			);
			name = Main.storyboard;
			sourceTree = "<group>";
		};
		030BDCD11EF06BBA002343DC /* LaunchScreen.storyboard */ = {
			isa = PBXVariantGroup;
			children = (
				030BDCD21EF06BBA002343DC /* Base */,
			);
			name = LaunchScreen.storyboard;
			sourceTree = "<group>";
		};
/* End PBXVariantGroup section */

/* Begin XCBuildConfiguration section */
		030BDCD51EF06BBA002343DC /* Debug */ = {
			isa = XCBuildConfiguration;
			buildSettings = {
				ALWAYS_SEARCH_USER_PATHS = NO;
				CLANG_ANALYZER_NONNULL = YES;
				CLANG_ANALYZER_NUMBER_OBJECT_CONVERSION = YES_AGGRESSIVE;
				CLANG_CXX_LANGUAGE_STANDARD = "gnu++0x";
				CLANG_CXX_LIBRARY = "libc++";
				CLANG_ENABLE_MODULES = YES;
				CLANG_ENABLE_OBJC_ARC = YES;
				CLANG_WARN_BOOL_CONVERSION = YES;
				CLANG_WARN_CONSTANT_CONVERSION = YES;
				CLANG_WARN_DIRECT_OBJC_ISA_USAGE = YES_ERROR;
				CLANG_WARN_DOCUMENTATION_COMMENTS = YES;
				CLANG_WARN_EMPTY_BODY = YES;
				CLANG_WARN_ENUM_CONVERSION = YES;
				CLANG_WARN_INFINITE_RECURSION = YES;
				CLANG_WARN_INT_CONVERSION = YES;
				CLANG_WARN_OBJC_ROOT_CLASS = YES_ERROR;
				CLANG_WARN_SUSPICIOUS_MOVE = YES;
				CLANG_WARN_UNREACHABLE_CODE = YES;
				CLANG_WARN__DUPLICATE_METHOD_MATCH = YES;
				"CODE_SIGN_IDENTITY[sdk=iphoneos*]" = "iPhone Developer";
				COPY_PHASE_STRIP = NO;
				DEBUG_INFORMATION_FORMAT = dwarf;
				ENABLE_STRICT_OBJC_MSGSEND = YES;
				ENABLE_TESTABILITY = YES;
				GCC_C_LANGUAGE_STANDARD = gnu99;
				GCC_DYNAMIC_NO_PIC = NO;
				GCC_NO_COMMON_BLOCKS = YES;
				GCC_OPTIMIZATION_LEVEL = 0;
				GCC_PREPROCESSOR_DEFINITIONS = (
					"DEBUG=1",
					"$(inherited)",
				);
				GCC_WARN_64_TO_32_BIT_CONVERSION = YES;
				GCC_WARN_ABOUT_RETURN_TYPE = YES_ERROR;
				GCC_WARN_UNDECLARED_SELECTOR = YES;
				GCC_WARN_UNINITIALIZED_AUTOS = YES_AGGRESSIVE;
				GCC_WARN_UNUSED_FUNCTION = YES;
				GCC_WARN_UNUSED_VARIABLE = YES;
				IPHONEOS_DEPLOYMENT_TARGET = 10.3;
				MTL_ENABLE_DEBUG_INFO = YES;
				ONLY_ACTIVE_ARCH = YES;
				SDKROOT = iphoneos;
				SWIFT_ACTIVE_COMPILATION_CONDITIONS = DEBUG;
				SWIFT_OPTIMIZATION_LEVEL = "-Onone";
			};
			name = Debug;
		};
		030BDCD61EF06BBA002343DC /* Release */ = {
			isa = XCBuildConfiguration;
			buildSettings = {
				ALWAYS_SEARCH_USER_PATHS = NO;
				CLANG_ANALYZER_NONNULL = YES;
				CLANG_ANALYZER_NUMBER_OBJECT_CONVERSION = YES_AGGRESSIVE;
				CLANG_CXX_LANGUAGE_STANDARD = "gnu++0x";
				CLANG_CXX_LIBRARY = "libc++";
				CLANG_ENABLE_MODULES = YES;
				CLANG_ENABLE_OBJC_ARC = YES;
				CLANG_WARN_BOOL_CONVERSION = YES;
				CLANG_WARN_CONSTANT_CONVERSION = YES;
				CLANG_WARN_DIRECT_OBJC_ISA_USAGE = YES_ERROR;
				CLANG_WARN_DOCUMENTATION_COMMENTS = YES;
				CLANG_WARN_EMPTY_BODY = YES;
				CLANG_WARN_ENUM_CONVERSION = YES;
				CLANG_WARN_INFINITE_RECURSION = YES;
				CLANG_WARN_INT_CONVERSION = YES;
				CLANG_WARN_OBJC_ROOT_CLASS = YES_ERROR;
				CLANG_WARN_SUSPICIOUS_MOVE = YES;
				CLANG_WARN_UNREACHABLE_CODE = YES;
				CLANG_WARN__DUPLICATE_METHOD_MATCH = YES;
				"CODE_SIGN_IDENTITY[sdk=iphoneos*]" = "iPhone Developer";
				COPY_PHASE_STRIP = NO;
				DEBUG_INFORMATION_FORMAT = "dwarf-with-dsym";
				ENABLE_NS_ASSERTIONS = NO;
				ENABLE_STRICT_OBJC_MSGSEND = YES;
				GCC_C_LANGUAGE_STANDARD = gnu99;
				GCC_NO_COMMON_BLOCKS = YES;
				GCC_WARN_64_TO_32_BIT_CONVERSION = YES;
				GCC_WARN_ABOUT_RETURN_TYPE = YES_ERROR;
				GCC_WARN_UNDECLARED_SELECTOR = YES;
				GCC_WARN_UNINITIALIZED_AUTOS = YES_AGGRESSIVE;
				GCC_WARN_UNUSED_FUNCTION = YES;
				GCC_WARN_UNUSED_VARIABLE = YES;
				IPHONEOS_DEPLOYMENT_TARGET = 10.3;
				MTL_ENABLE_DEBUG_INFO = NO;
				SDKROOT = iphoneos;
				SWIFT_OPTIMIZATION_LEVEL = "-Owholemodule";
				VALIDATE_PRODUCT = YES;
			};
			name = Release;
		};
		030BDCD81EF06BBB002343DC /* Debug */ = {
			isa = XCBuildConfiguration;
			buildSettings = {
				ASSETCATALOG_COMPILER_APPICON_NAME = AppIcon;
				INFOPLIST_FILE = "Downloading Images from the Web/Info.plist";
				LD_RUNPATH_SEARCH_PATHS = "$(inherited) @executable_path/Frameworks";
				PRODUCT_BUNDLE_IDENTIFIER = "Tyler-McGee.Downloading-Images-from-the-Web";
				PRODUCT_NAME = "$(TARGET_NAME)";
				SWIFT_VERSION = 3.0;
			};
			name = Debug;
		};
		030BDCD91EF06BBB002343DC /* Release */ = {
			isa = XCBuildConfiguration;
			buildSettings = {
				ASSETCATALOG_COMPILER_APPICON_NAME = AppIcon;
				INFOPLIST_FILE = "Downloading Images from the Web/Info.plist";
				LD_RUNPATH_SEARCH_PATHS = "$(inherited) @executable_path/Frameworks";
				PRODUCT_BUNDLE_IDENTIFIER = "Tyler-McGee.Downloading-Images-from-the-Web";
				PRODUCT_NAME = "$(TARGET_NAME)";
				SWIFT_VERSION = 3.0;
			};
			name = Release;
		};
/* End XCBuildConfiguration section */

/* Begin XCConfigurationList section */
		030BDCC01EF06BBA002343DC /* Build configuration list for PBXProject "Downloading Images from the Web" */ = {
			isa = XCConfigurationList;
			buildConfigurations = (
				030BDCD51EF06BBA002343DC /* Debug */,
				030BDCD61EF06BBA002343DC /* Release */,
			);
			defaultConfigurationIsVisible = 0;
			defaultConfigurationName = Release;
		};
		030BDCD71EF06BBB002343DC /* Build configuration list for PBXNativeTarget "Downloading Images from the Web" */ = {
			isa = XCConfigurationList;
			buildConfigurations = (
				030BDCD81EF06BBB002343DC /* Debug */,
				030BDCD91EF06BBB002343DC /* Release */,
			);
			defaultConfigurationIsVisible = 0;
		};
/* End XCConfigurationList section */
	};
	rootObject = 030BDCBD1EF06BBA002343DC /* Project object */;
}
